
Microsoft Visual Studio Solution File, Format Version 12.00
# Visual Studio Version 16
VisualStudioVersion = 16.0.29123.88
MinimumVisualStudioVersion = 10.0.40219.1
Project("{FAE04EC0-301F-11D3-BF4B-00C04F79EFBC}") = "Cwiczenia1", "Cwiczenia1\Cwiczenia1.csproj", "{6AE69A00-1BD0-4F59-88E0-718858F0D4FB}"
EndProject
Global
	GlobalSection(SolutionConfigurationPlatforms) = preSolution
		Debug|Any CPU = Debug|Any CPU
		Release|Any CPU = Release|Any CPU
	EndGlobalSection
	GlobalSection(ProjectConfigurationPlatforms) = postSolution
		{6AE69A00-1BD0-4F59-88E0-718858F0D4FB}.Debug|Any CPU.ActiveCfg = Debug|Any CPU
		{6AE69A00-1BD0-4F59-88E0-718858F0D4FB}.Debug|Any CPU.Build.0 = Debug|Any CPU
		{6AE69A00-1BD0-4F59-88E0-718858F0D4FB}.Release|Any CPU.ActiveCfg = Release|Any CPU
		{6AE69A00-1BD0-4F59-88E0-718858F0D4FB}.Release|Any CPU.Build.0 = Release|Any CPU
	EndGlobalSection
	GlobalSection(SolutionProperties) = preSolution
		HideSolutionNode = FALSE
	EndGlobalSection
	GlobalSection(ExtensibilityGlobals) = postSolution
		SolutionGuid = {024647B8-3AE3-452E-8043-D9CE9AEC8291}
	EndGlobalSection
EndGlobal
